
Microsoft Visual Studio Solution File, Format Version 11.00
# Visual Studio 2010
Project("{FAE04EC0-301F-11D3-BF4B-00C04F79EFBC}") = "Assembly-CSharp", "Assembly-CSharp.csproj", "{CE11F447-1DE6-5FBF-BEAE-36DFF2181AA4}"
EndProject
Project("{FAE04EC0-301F-11D3-BF4B-00C04F79EFBC}") = "Assembly-CSharp-Editor", "Assembly-CSharp-Editor.csproj", "{4AACA630-57E5-1493-67FD-0FCA0A74838B}"
EndProject
Global
	GlobalSection(SolutionConfigurationPlatforms) = preSolution
		Debug|Any CPU = Debug|Any CPU
		Release|Any CPU = Release|Any CPU
	EndGlobalSection
	GlobalSection(ProjectConfigurationPlatforms) = postSolution
		{CE11F447-1DE6-5FBF-BEAE-36DFF2181AA4}.Debug|Any CPU.ActiveCfg = Debug|Any CPU
		{CE11F447-1DE6-5FBF-BEAE-36DFF2181AA4}.Debug|Any CPU.Build.0 = Debug|Any CPU
		{CE11F447-1DE6-5FBF-BEAE-36DFF2181AA4}.Release|Any CPU.ActiveCfg = Release|Any CPU
		{CE11F447-1DE6-5FBF-BEAE-36DFF2181AA4}.Release|Any CPU.Build.0 = Release|Any CPU
		{4AACA630-57E5-1493-67FD-0FCA0A74838B}.Debug|Any CPU.ActiveCfg = Debug|Any CPU
		{4AACA630-57E5-1493-67FD-0FCA0A74838B}.Debug|Any CPU.Build.0 = Debug|Any CPU
		{4AACA630-57E5-1493-67FD-0FCA0A74838B}.Release|Any CPU.ActiveCfg = Release|Any CPU
		{4AACA630-57E5-1493-67FD-0FCA0A74838B}.Release|Any CPU.Build.0 = Release|Any CPU
	EndGlobalSection
	GlobalSection(SolutionProperties) = preSolution
		HideSolutionNode = FALSE
	EndGlobalSection
	GlobalSection(MonoDevelopProperties) = preSolution
		StartupItem = Assembly-CSharp.csproj
	EndGlobalSection
EndGlobal
